
Microsoft Visual Studio Solution File, Format Version 12.00
# Visual Studio Version 16
VisualStudioVersion = 16.0.30804.86
MinimumVisualStudioVersion = 10.0.40219.1
Project("{9A19103F-16F7-4668-BE54-9A1E7A4F7556}") = "RentACar.Api", "RentACar.Api\RentACar.Api.csproj", "{F1AAC35D-8AE9-4001-8894-A0ECED841A71}"
EndProject
Project("{2150E333-8FDC-42A3-9474-1A3956D46DE8}") = "Tests", "Tests", "{FFA1070A-2265-4D24-A750-CCF652B777A5}"
EndProject
Project("{9A19103F-16F7-4668-BE54-9A1E7A4F7556}") = "RentACar.Core", "RentACar.Core\RentACar.Core.csproj", "{CC738518-9C58-48E5-A7BB-3995A692A399}"
EndProject
Project("{9A19103F-16F7-4668-BE54-9A1E7A4F7556}") = "RentACar.Infrastructure", "RentACar.Infrastructure\RentACar.Infrastructure.csproj", "{3A9FD29C-DFB7-4351-BF69-EF7C6B302DAC}"
EndProject
Project("{9A19103F-16F7-4668-BE54-9A1E7A4F7556}") = "RentACar.UnitTest", "RentACar.UnitTest\RentACar.UnitTest.csproj", "{ABEFB436-F564-4FF5-AA7D-028E826E7C4F}"
EndProject
Project("{9A19103F-16F7-4668-BE54-9A1E7A4F7556}") = "RentACar.IntegrationTests", "RentACar.IntegrationTests\RentACar.IntegrationTests.csproj", "{860F3370-FD60-4EFC-8481-FE0D5B1877A1}"
EndProject
Global
	GlobalSection(SolutionConfigurationPlatforms) = preSolution
		Debug|Any CPU = Debug|Any CPU
		Release|Any CPU = Release|Any CPU
	EndGlobalSection
	GlobalSection(ProjectConfigurationPlatforms) = postSolution
		{F1AAC35D-8AE9-4001-8894-A0ECED841A71}.Debug|Any CPU.ActiveCfg = Debug|Any CPU
		{F1AAC35D-8AE9-4001-8894-A0ECED841A71}.Debug|Any CPU.Build.0 = Debug|Any CPU
		{F1AAC35D-8AE9-4001-8894-A0ECED841A71}.Release|Any CPU.ActiveCfg = Release|Any CPU
		{F1AAC35D-8AE9-4001-8894-A0ECED841A71}.Release|Any CPU.Build.0 = Release|Any CPU
		{CC738518-9C58-48E5-A7BB-3995A692A399}.Debug|Any CPU.ActiveCfg = Debug|Any CPU
		{CC738518-9C58-48E5-A7BB-3995A692A399}.Debug|Any CPU.Build.0 = Debug|Any CPU
		{CC738518-9C58-48E5-A7BB-3995A692A399}.Release|Any CPU.ActiveCfg = Release|Any CPU
		{CC738518-9C58-48E5-A7BB-3995A692A399}.Release|Any CPU.Build.0 = Release|Any CPU
		{3A9FD29C-DFB7-4351-BF69-EF7C6B302DAC}.Debug|Any CPU.ActiveCfg = Debug|Any CPU
		{3A9FD29C-DFB7-4351-BF69-EF7C6B302DAC}.Debug|Any CPU.Build.0 = Debug|Any CPU
		{3A9FD29C-DFB7-4351-BF69-EF7C6B302DAC}.Release|Any CPU.ActiveCfg = Release|Any CPU
		{3A9FD29C-DFB7-4351-BF69-EF7C6B302DAC}.Release|Any CPU.Build.0 = Release|Any CPU
		{ABEFB436-F564-4FF5-AA7D-028E826E7C4F}.Debug|Any CPU.ActiveCfg = Debug|Any CPU
		{ABEFB436-F564-4FF5-AA7D-028E826E7C4F}.Debug|Any CPU.Build.0 = Debug|Any CPU
		{ABEFB436-F564-4FF5-AA7D-028E826E7C4F}.Release|Any CPU.ActiveCfg = Release|Any CPU
		{ABEFB436-F564-4FF5-AA7D-028E826E7C4F}.Release|Any CPU.Build.0 = Release|Any CPU
		{860F3370-FD60-4EFC-8481-FE0D5B1877A1}.Debug|Any CPU.ActiveCfg = Debug|Any CPU
		{860F3370-FD60-4EFC-8481-FE0D5B1877A1}.Debug|Any CPU.Build.0 = Debug|Any CPU
		{860F3370-FD60-4EFC-8481-FE0D5B1877A1}.Release|Any CPU.ActiveCfg = Release|Any CPU
		{860F3370-FD60-4EFC-8481-FE0D5B1877A1}.Release|Any CPU.Build.0 = Release|Any CPU
	EndGlobalSection
	GlobalSection(SolutionProperties) = preSolution
		HideSolutionNode = FALSE
	EndGlobalSection
	GlobalSection(NestedProjects) = preSolution
		{ABEFB436-F564-4FF5-AA7D-028E826E7C4F} = {FFA1070A-2265-4D24-A750-CCF652B777A5}
		{860F3370-FD60-4EFC-8481-FE0D5B1877A1} = {FFA1070A-2265-4D24-A750-CCF652B777A5}
	EndGlobalSection
	GlobalSection(ExtensibilityGlobals) = postSolution
		SolutionGuid = {5DEB09AF-FAB2-45E4-9C55-9AC87DC54228}
	EndGlobalSection
EndGlobal
